
Microsoft Visual Studio Solution File, Format Version 12.00
Project("{FAE04EC0-301F-11D3-BF4B-00C04F79EFBC}") = "Service", "Service\Service.csproj", "{104780AD-439A-4BA9-95AA-FAC2C4905B3E}"
EndProject
Project("{FAE04EC0-301F-11D3-BF4B-00C04F79EFBC}") = "UnitTests", "UnitTests\UnitTests.csproj", "{A977F3F6-7592-44B2-BA17-2CD824414B26}"
EndProject
Global
	GlobalSection(SolutionConfigurationPlatforms) = preSolution
		Debug|Any CPU = Debug|Any CPU
		Release|Any CPU = Release|Any CPU
	EndGlobalSection
	GlobalSection(ProjectConfigurationPlatforms) = postSolution
		{104780AD-439A-4BA9-95AA-FAC2C4905B3E}.Debug|Any CPU.ActiveCfg = Debug|Any CPU
		{104780AD-439A-4BA9-95AA-FAC2C4905B3E}.Debug|Any CPU.Build.0 = Debug|Any CPU
		{104780AD-439A-4BA9-95AA-FAC2C4905B3E}.Release|Any CPU.ActiveCfg = Release|Any CPU
		{104780AD-439A-4BA9-95AA-FAC2C4905B3E}.Release|Any CPU.Build.0 = Release|Any CPU
		{A977F3F6-7592-44B2-BA17-2CD824414B26}.Debug|Any CPU.ActiveCfg = Debug|Any CPU
		{A977F3F6-7592-44B2-BA17-2CD824414B26}.Debug|Any CPU.Build.0 = Debug|Any CPU
		{A977F3F6-7592-44B2-BA17-2CD824414B26}.Release|Any CPU.ActiveCfg = Release|Any CPU
		{A977F3F6-7592-44B2-BA17-2CD824414B26}.Release|Any CPU.Build.0 = Release|Any CPU
	EndGlobalSection
EndGlobal
